
Microsoft Visual Studio Solution File, Format Version 12.00
# Visual Studio Version 17
VisualStudioVersion = 17.11.35219.272
MinimumVisualStudioVersion = 10.0.40219.1
Project("{9A19103F-16F7-4668-BE54-9A1E7A4F7556}") = "EmployeePayrollConsole", "Employeepay\EmployeePayrollConsole.csproj", "{7BB61F5B-BE4D-4389-88BC-C3521782011D}"
EndProject
Global
	GlobalSection(SolutionConfigurationPlatforms) = preSolution
		Debug|Any CPU = Debug|Any CPU
		Release|Any CPU = Release|Any CPU
	EndGlobalSection
	GlobalSection(ProjectConfigurationPlatforms) = postSolution
		{7BB61F5B-BE4D-4389-88BC-C3521782011D}.Debug|Any CPU.ActiveCfg = Debug|Any CPU
		{7BB61F5B-BE4D-4389-88BC-C3521782011D}.Debug|Any CPU.Build.0 = Debug|Any CPU
		{7BB61F5B-BE4D-4389-88BC-C3521782011D}.Release|Any CPU.ActiveCfg = Release|Any CPU
		{7BB61F5B-BE4D-4389-88BC-C3521782011D}.Release|Any CPU.Build.0 = Release|Any CPU
	EndGlobalSection
	GlobalSection(SolutionProperties) = preSolution
		HideSolutionNode = FALSE
	EndGlobalSection
	GlobalSection(ExtensibilityGlobals) = postSolution
		SolutionGuid = {C66E5661-5980-488F-BFAA-D228BE6B061F}
	EndGlobalSection
EndGlobal
